
Microsoft Visual Studio Solution File, Format Version 12.00
# Visual Studio 15
VisualStudioVersion = 15.0.27004.2006
MinimumVisualStudioVersion = 10.0.40219.1
Project("{FAE04EC0-301F-11D3-BF4B-00C04F79EFBC}") = "WebApiTi", "WebApiTi\WebApiTi.csproj", "{A6494679-61E5-43AC-9C24-7D0531890C33}"
EndProject
Global
	GlobalSection(SolutionConfigurationPlatforms) = preSolution
		Debug|Any CPU = Debug|Any CPU
		Release|Any CPU = Release|Any CPU
	EndGlobalSection
	GlobalSection(ProjectConfigurationPlatforms) = postSolution
		{A6494679-61E5-43AC-9C24-7D0531890C33}.Debug|Any CPU.ActiveCfg = Debug|Any CPU
		{A6494679-61E5-43AC-9C24-7D0531890C33}.Debug|Any CPU.Build.0 = Debug|Any CPU
		{A6494679-61E5-43AC-9C24-7D0531890C33}.Release|Any CPU.ActiveCfg = Release|Any CPU
		{A6494679-61E5-43AC-9C24-7D0531890C33}.Release|Any CPU.Build.0 = Release|Any CPU
	EndGlobalSection
	GlobalSection(SolutionProperties) = preSolution
		HideSolutionNode = FALSE
	EndGlobalSection
	GlobalSection(ExtensibilityGlobals) = postSolution
		SolutionGuid = {82F75388-A51C-4FD0-AB63-FF14C691723B}
	EndGlobalSection
EndGlobal
